
Microsoft Visual Studio Solution File, Format Version 12.00
# Visual Studio Version 17
VisualStudioVersion = 17.2.32630.192
MinimumVisualStudioVersion = 10.0.40219.1
Project("{FAE04EC0-301F-11D3-BF4B-00C04F79EFBC}") = "Anarchy in the hospital", "Anarchy in the hospital\Anarchy in the hospital.csproj", "{EFFA895D-C8D8-48D2-A014-849F3102B80C}"
EndProject
Global
	GlobalSection(SolutionConfigurationPlatforms) = preSolution
		Debug|Any CPU = Debug|Any CPU
		Release|Any CPU = Release|Any CPU
	EndGlobalSection
	GlobalSection(ProjectConfigurationPlatforms) = postSolution
		{EFFA895D-C8D8-48D2-A014-849F3102B80C}.Debug|Any CPU.ActiveCfg = Debug|Any CPU
		{EFFA895D-C8D8-48D2-A014-849F3102B80C}.Debug|Any CPU.Build.0 = Debug|Any CPU
		{EFFA895D-C8D8-48D2-A014-849F3102B80C}.Release|Any CPU.ActiveCfg = Release|Any CPU
		{EFFA895D-C8D8-48D2-A014-849F3102B80C}.Release|Any CPU.Build.0 = Release|Any CPU
	EndGlobalSection
	GlobalSection(SolutionProperties) = preSolution
		HideSolutionNode = FALSE
	EndGlobalSection
	GlobalSection(ExtensibilityGlobals) = postSolution
		SolutionGuid = {C6EACA6F-AF43-422F-BC18-AE22CF05ED77}
	EndGlobalSection
EndGlobal
